// !$*UTF8*$!
{
	archiveVersion = 1;
	classes = {
	};
	objectVersion = 56;
	objects = {

/* Begin PBXBuildFile section */
		417B97E32BC3ED7300DF81D1 /* AppDelegate.swift in Sources */ = {isa = PBXBuildFile; fileRef = 417B97E22BC3ED7300DF81D1 /* AppDelegate.swift */; };
		417B97E52BC3ED7300DF81D1 /* SceneDelegate.swift in Sources */ = {isa = PBXBuildFile; fileRef = 417B97E42BC3ED7300DF81D1 /* SceneDelegate.swift */; };
		417B97E72BC3ED7300DF81D1 /* ViewController.swift in Sources */ = {isa = PBXBuildFile; fileRef = 417B97E62BC3ED7300DF81D1 /* ViewController.swift */; };
		417B97EA2BC3ED7300DF81D1 /* Base in Resources */ = {isa = PBXBuildFile; fileRef = 417B97E92BC3ED7300DF81D1 /* Base */; };
		417B97EC2BC3ED7400DF81D1 /* Assets.xcassets in Resources */ = {isa = PBXBuildFile; fileRef = 417B97EB2BC3ED7400DF81D1 /* Assets.xcassets */; };
		417B97EF2BC3ED7400DF81D1 /* Base in Resources */ = {isa = PBXBuildFile; fileRef = 417B97EE2BC3ED7400DF81D1 /* Base */; };
		417B97FA2BC3ED7400DF81D1 /* OddOrEvenGameTests.swift in Sources */ = {isa = PBXBuildFile; fileRef = 417B97F92BC3ED7400DF81D1 /* OddOrEvenGameTests.swift */; };
		417B98042BC3ED7400DF81D1 /* OddOrEvenGameUITests.swift in Sources */ = {isa = PBXBuildFile; fileRef = 417B98032BC3ED7400DF81D1 /* OddOrEvenGameUITests.swift */; };
		417B98062BC3ED7400DF81D1 /* OddOrEvenGameUITestsLaunchTests.swift in Sources */ = {isa = PBXBuildFile; fileRef = 417B98052BC3ED7400DF81D1 /* OddOrEvenGameUITestsLaunchTests.swift */; };
/* End PBXBuildFile section */

/* Begin PBXContainerItemProxy section */
		417B97F62BC3ED7400DF81D1 /* PBXContainerItemProxy */ = {
			isa = PBXContainerItemProxy;
			containerPortal = 417B97D72BC3ED7300DF81D1 /* Project object */;
			proxyType = 1;
			remoteGlobalIDString = 417B97DE2BC3ED7300DF81D1;
			remoteInfo = OddOrEvenGame;
		};
		417B98002BC3ED7400DF81D1 /* PBXContainerItemProxy */ = {
			isa = PBXContainerItemProxy;
			containerPortal = 417B97D72BC3ED7300DF81D1 /* Project object */;
			proxyType = 1;
			remoteGlobalIDString = 417B97DE2BC3ED7300DF81D1;
			remoteInfo = OddOrEvenGame;
		};
/* End PBXContainerItemProxy section */

/* Begin PBXFileReference section */
		417B97DF2BC3ED7300DF81D1 /* OddOrEvenGame.app */ = {isa = PBXFileReference; explicitFileType = wrapper.application; includeInIndex = 0; path = OddOrEvenGame.app; sourceTree = BUILT_PRODUCTS_DIR; };
		417B97E22BC3ED7300DF81D1 /* AppDelegate.swift */ = {isa = PBXFileReference; lastKnownFileType = sourcecode.swift; path = AppDelegate.swift; sourceTree = "<group>"; };
		417B97E42BC3ED7300DF81D1 /* SceneDelegate.swift */ = {isa = PBXFileReference; lastKnownFileType = sourcecode.swift; path = SceneDelegate.swift; sourceTree = "<group>"; };
		417B97E62BC3ED7300DF81D1 /* ViewController.swift */ = {isa = PBXFileReference; lastKnownFileType = sourcecode.swift; path = ViewController.swift; sourceTree = "<group>"; };
		417B97E92BC3ED7300DF81D1 /* Base */ = {isa = PBXFileReference; lastKnownFileType = file.storyboard; name = Base; path = Base.lproj/Main.storyboard; sourceTree = "<group>"; };
		417B97EB2BC3ED7400DF81D1 /* Assets.xcassets */ = {isa = PBXFileReference; lastKnownFileType = folder.assetcatalog; path = Assets.xcassets; sourceTree = "<group>"; };
		417B97EE2BC3ED7400DF81D1 /* Base */ = {isa = PBXFileReference; lastKnownFileType = file.storyboard; name = Base; path = Base.lproj/LaunchScreen.storyboard; sourceTree = "<group>"; };
		417B97F02BC3ED7400DF81D1 /* Info.plist */ = {isa = PBXFileReference; lastKnownFileType = text.plist.xml; path = Info.plist; sourceTree = "<group>"; };
		417B97F52BC3ED7400DF81D1 /* OddOrEvenGameTests.xctest */ = {isa = PBXFileReference; explicitFileType = wrapper.cfbundle; includeInIndex = 0; path = OddOrEvenGameTests.xctest; sourceTree = BUILT_PRODUCTS_DIR; };
		417B97F92BC3ED7400DF81D1 /* OddOrEvenGameTests.swift */ = {isa = PBXFileReference; lastKnownFileType = sourcecode.swift; path = OddOrEvenGameTests.swift; sourceTree = "<group>"; };
		417B97FF2BC3ED7400DF81D1 /* OddOrEvenGameUITests.xctest */ = {isa = PBXFileReference; explicitFileType = wrapper.cfbundle; includeInIndex = 0; path = OddOrEvenGameUITests.xctest; sourceTree = BUILT_PRODUCTS_DIR; };
		417B98032BC3ED7400DF81D1 /* OddOrEvenGameUITests.swift */ = {isa = PBXFileReference; lastKnownFileType = sourcecode.swift; path = OddOrEvenGameUITests.swift; sourceTree = "<group>"; };
		417B98052BC3ED7400DF81D1 /* OddOrEvenGameUITestsLaunchTests.swift */ = {isa = PBXFileReference; lastKnownFileType = sourcecode.swift; path = OddOrEvenGameUITestsLaunchTests.swift; sourceTree = "<group>"; };
/* End PBXFileReference section */

/* Begin PBXFrameworksBuildPhase section */
		417B97DC2BC3ED7300DF81D1 /* Frameworks */ = {
			isa = PBXFrameworksBuildPhase;
			buildActionMask = 2147483647;
			files = (
			);
			runOnlyForDeploymentPostprocessing = 0;
		};
		417B97F22BC3ED7400DF81D1 /* Frameworks */ = {
			isa = PBXFrameworksBuildPhase;
			buildActionMask = 2147483647;
			files = (
			);
			runOnlyForDeploymentPostprocessing = 0;
		};
		417B97FC2BC3ED7400DF81D1 /* Frameworks */ = {
			isa = PBXFrameworksBuildPhase;
			buildActionMask = 2147483647;
			files = (
			);
			runOnlyForDeploymentPostprocessing = 0;
		};
/* End PBXFrameworksBuildPhase section */

/* Begin PBXGroup section */
		417B97D62BC3ED7300DF81D1 = {
			isa = PBXGroup;
			children = (
				417B97E12BC3ED7300DF81D1 /* OddOrEvenGame */,
				417B97F82BC3ED7400DF81D1 /* OddOrEvenGameTests */,
				417B98022BC3ED7400DF81D1 /* OddOrEvenGameUITests */,
				417B97E02BC3ED7300DF81D1 /* Products */,
			);
			sourceTree = "<group>";
		};
		417B97E02BC3ED7300DF81D1 /* Products */ = {
			isa = PBXGroup;
			children = (
				417B97DF2BC3ED7300DF81D1 /* OddOrEvenGame.app */,
				417B97F52BC3ED7400DF81D1 /* OddOrEvenGameTests.xctest */,
				417B97FF2BC3ED7400DF81D1 /* OddOrEvenGameUITests.xctest */,
			);
			name = Products;
			sourceTree = "<group>";
		};
		417B97E12BC3ED7300DF81D1 /* OddOrEvenGame */ = {
			isa = PBXGroup;
			children = (
				417B97E22BC3ED7300DF81D1 /* AppDelegate.swift */,
				417B97E42BC3ED7300DF81D1 /* SceneDelegate.swift */,
				417B97E62BC3ED7300DF81D1 /* ViewController.swift */,
				417B97E82BC3ED7300DF81D1 /* Main.storyboard */,
				417B97EB2BC3ED7400DF81D1 /* Assets.xcassets */,
				417B97ED2BC3ED7400DF81D1 /* LaunchScreen.storyboard */,
				417B97F02BC3ED7400DF81D1 /* Info.plist */,
			);
			path = OddOrEvenGame;
			sourceTree = "<group>";
		};
		417B97F82BC3ED7400DF81D1 /* OddOrEvenGameTests */ = {
			isa = PBXGroup;
			children = (
				417B97F92BC3ED7400DF81D1 /* OddOrEvenGameTests.swift */,
			);
			path = OddOrEvenGameTests;
			sourceTree = "<group>";
		};
		417B98022BC3ED7400DF81D1 /* OddOrEvenGameUITests */ = {
			isa = PBXGroup;
			children = (
				417B98032BC3ED7400DF81D1 /* OddOrEvenGameUITests.swift */,
				417B98052BC3ED7400DF81D1 /* OddOrEvenGameUITestsLaunchTests.swift */,
			);
			path = OddOrEvenGameUITests;
			sourceTree = "<group>";
		};
/* End PBXGroup section */

/* Begin PBXNativeTarget section */
		417B97DE2BC3ED7300DF81D1 /* OddOrEvenGame */ = {
			isa = PBXNativeTarget;
			buildConfigurationList = 417B98092BC3ED7400DF81D1 /* Build configuration list for PBXNativeTarget "OddOrEvenGame" */;
			buildPhases = (
				417B97DB2BC3ED7300DF81D1 /* Sources */,
				417B97DC2BC3ED7300DF81D1 /* Frameworks */,
				417B97DD2BC3ED7300DF81D1 /* Resources */,
			);
			buildRules = (
			);
			dependencies = (
			);
			name = OddOrEvenGame;
			productName = OddOrEvenGame;
			productReference = 417B97DF2BC3ED7300DF81D1 /* OddOrEvenGame.app */;
			productType = "com.apple.product-type.application";
		};
		417B97F42BC3ED7400DF81D1 /* OddOrEvenGameTests */ = {
			isa = PBXNativeTarget;
			buildConfigurationList = 417B980C2BC3ED7400DF81D1 /* Build configuration list for PBXNativeTarget "OddOrEvenGameTests" */;
			buildPhases = (
				417B97F12BC3ED7400DF81D1 /* Sources */,
				417B97F22BC3ED7400DF81D1 /* Frameworks */,
				417B97F32BC3ED7400DF81D1 /* Resources */,
			);
			buildRules = (
			);
			dependencies = (
				417B97F72BC3ED7400DF81D1 /* PBXTargetDependency */,
			);
			name = OddOrEvenGameTests;
			productName = OddOrEvenGameTests;
			productReference = 417B97F52BC3ED7400DF81D1 /* OddOrEvenGameTests.xctest */;
			productType = "com.apple.product-type.bundle.unit-test";
		};
		417B97FE2BC3ED7400DF81D1 /* OddOrEvenGameUITests */ = {
			isa = PBXNativeTarget;
			buildConfigurationList = 417B980F2BC3ED7400DF81D1 /* Build configuration list for PBXNativeTarget "OddOrEvenGameUITests" */;
			buildPhases = (
				417B97FB2BC3ED7400DF81D1 /* Sources */,
				417B97FC2BC3ED7400DF81D1 /* Frameworks */,
				417B97FD2BC3ED7400DF81D1 /* Resources */,
			);
			buildRules = (
			);
			dependencies = (
				417B98012BC3ED7400DF81D1 /* PBXTargetDependency */,
			);
			name = OddOrEvenGameUITests;
			productName = OddOrEvenGameUITests;
			productReference = 417B97FF2BC3ED7400DF81D1 /* OddOrEvenGameUITests.xctest */;
			productType = "com.apple.product-type.bundle.ui-testing";
		};
/* End PBXNativeTarget section */

/* Begin PBXProject section */
		417B97D72BC3ED7300DF81D1 /* Project object */ = {
			isa = PBXProject;
			attributes = {
				BuildIndependentTargetsInParallel = 1;
				LastSwiftUpdateCheck = 1530;
				LastUpgradeCheck = 1530;
				TargetAttributes = {
					417B97DE2BC3ED7300DF81D1 = {
						CreatedOnToolsVersion = 15.3;
					};
					417B97F42BC3ED7400DF81D1 = {
						CreatedOnToolsVersion = 15.3;
						TestTargetID = 417B97DE2BC3ED7300DF81D1;
					};
					417B97FE2BC3ED7400DF81D1 = {
						CreatedOnToolsVersion = 15.3;
						TestTargetID = 417B97DE2BC3ED7300DF81D1;
					};
				};
			};
			buildConfigurationList = 417B97DA2BC3ED7300DF81D1 /* Build configuration list for PBXProject "OddOrEvenGame" */;
			compatibilityVersion = "Xcode 14.0";
			developmentRegion = en;
			hasScannedForEncodings = 0;
			knownRegions = (
				en,
				Base,
			);
			mainGroup = 417B97D62BC3ED7300DF81D1;
			productRefGroup = 417B97E02BC3ED7300DF81D1 /* Products */;
			projectDirPath = "";
			projectRoot = "";
			targets = (
				417B97DE2BC3ED7300DF81D1 /* OddOrEvenGame */,
				417B97F42BC3ED7400DF81D1 /* OddOrEvenGameTests */,
				417B97FE2BC3ED7400DF81D1 /* OddOrEvenGameUITests */,
			);
		};
/* End PBXProject section */

/* Begin PBXResourcesBuildPhase section */
		417B97DD2BC3ED7300DF81D1 /* Resources */ = {
			isa = PBXResourcesBuildPhase;
			buildActionMask = 2147483647;
			files = (
				417B97EC2BC3ED7400DF81D1 /* Assets.xcassets in Resources */,
				417B97EF2BC3ED7400DF81D1 /* Base in Resources */,
				417B97EA2BC3ED7300DF81D1 /* Base in Resources */,
			);
			runOnlyForDeploymentPostprocessing = 0;
		};
		417B97F32BC3ED7400DF81D1 /* Resources */ = {
			isa = PBXResourcesBuildPhase;
			buildActionMask = 2147483647;
			files = (
			);
			runOnlyForDeploymentPostprocessing = 0;
		};
		417B97FD2BC3ED7400DF81D1 /* Resources */ = {
			isa = PBXResourcesBuildPhase;
			buildActionMask = 2147483647;
			files = (
			);
			runOnlyForDeploymentPostprocessing = 0;
		};
/* End PBXResourcesBuildPhase section */

/* Begin PBXSourcesBuildPhase section */
		417B97DB2BC3ED7300DF81D1 /* Sources */ = {
			isa = PBXSourcesBuildPhase;
			buildActionMask = 2147483647;
			files = (
				417B97E72BC3ED7300DF81D1 /* ViewController.swift in Sources */,
				417B97E32BC3ED7300DF81D1 /* AppDelegate.swift in Sources */,
				417B97E52BC3ED7300DF81D1 /* SceneDelegate.swift in Sources */,
			);
			runOnlyForDeploymentPostprocessing = 0;
		};
		417B97F12BC3ED7400DF81D1 /* Sources */ = {
			isa = PBXSourcesBuildPhase;
			buildActionMask = 2147483647;
			files = (
				417B97FA2BC3ED7400DF81D1 /* OddOrEvenGameTests.swift in Sources */,
			);
			runOnlyForDeploymentPostprocessing = 0;
		};
		417B97FB2BC3ED7400DF81D1 /* Sources */ = {
			isa = PBXSourcesBuildPhase;
			buildActionMask = 2147483647;
			files = (
				417B98042BC3ED7400DF81D1 /* OddOrEvenGameUITests.swift in Sources */,
				417B98062BC3ED7400DF81D1 /* OddOrEvenGameUITestsLaunchTests.swift in Sources */,
			);
			runOnlyForDeploymentPostprocessing = 0;
		};
/* End PBXSourcesBuildPhase section */

/* Begin PBXTargetDependency section */
		417B97F72BC3ED7400DF81D1 /* PBXTargetDependency */ = {
			isa = PBXTargetDependency;
			target = 417B97DE2BC3ED7300DF81D1 /* OddOrEvenGame */;
			targetProxy = 417B97F62BC3ED7400DF81D1 /* PBXContainerItemProxy */;
		};
		417B98012BC3ED7400DF81D1 /* PBXTargetDependency */ = {
			isa = PBXTargetDependency;
			target = 417B97DE2BC3ED7300DF81D1 /* OddOrEvenGame */;
			targetProxy = 417B98002BC3ED7400DF81D1 /* PBXContainerItemProxy */;
		};
/* End PBXTargetDependency section */

/* Begin PBXVariantGroup section */
		417B97E82BC3ED7300DF81D1 /* Main.storyboard */ = {
			isa = PBXVariantGroup;
			children = (
				417B97E92BC3ED7300DF81D1 /* Base */,
			);
			name = Main.storyboard;
			sourceTree = "<group>";
		};
		417B97ED2BC3ED7400DF81D1 /* LaunchScreen.storyboard */ = {
			isa = PBXVariantGroup;
			children = (
				417B97EE2BC3ED7400DF81D1 /* Base */,
			);
			name = LaunchScreen.storyboard;
			sourceTree = "<group>";
		};
/* End PBXVariantGroup section */

/* Begin XCBuildConfiguration section */
		417B98072BC3ED7400DF81D1 /* Debug */ = {
			isa = XCBuildConfiguration;
			buildSettings = {
				ALWAYS_SEARCH_USER_PATHS = NO;
				ASSETCATALOG_COMPILER_GENERATE_SWIFT_ASSET_SYMBOL_EXTENSIONS = YES;
				CLANG_ANALYZER_NONNULL = YES;
				CLANG_ANALYZER_NUMBER_OBJECT_CONVERSION = YES_AGGRESSIVE;
				CLANG_CXX_LANGUAGE_STANDARD = "gnu++20";
				CLANG_ENABLE_MODULES = YES;
				CLANG_ENABLE_OBJC_ARC = YES;
				CLANG_ENABLE_OBJC_WEAK = YES;
				CLANG_WARN_BLOCK_CAPTURE_AUTORELEASING = YES;
				CLANG_WARN_BOOL_CONVERSION = YES;
				CLANG_WARN_COMMA = YES;
				CLANG_WARN_CONSTANT_CONVERSION = YES;
				CLANG_WARN_DEPRECATED_OBJC_IMPLEMENTATIONS = YES;
				CLANG_WARN_DIRECT_OBJC_ISA_USAGE = YES_ERROR;
				CLANG_WARN_DOCUMENTATION_COMMENTS = YES;
				CLANG_WARN_EMPTY_BODY = YES;
				CLANG_WARN_ENUM_CONVERSION = YES;
				CLANG_WARN_INFINITE_RECURSION = YES;
				CLANG_WARN_INT_CONVERSION = YES;
				CLANG_WARN_NON_LITERAL_NULL_CONVERSION = YES;
				CLANG_WARN_OBJC_IMPLICIT_RETAIN_SELF = YES;
				CLANG_WARN_OBJC_LITERAL_CONVERSION = YES;
				CLANG_WARN_OBJC_ROOT_CLASS = YES_ERROR;
				CLANG_WARN_QUOTED_INCLUDE_IN_FRAMEWORK_HEADER = YES;
				CLANG_WARN_RANGE_LOOP_ANALYSIS = YES;
				CLANG_WARN_STRICT_PROTOTYPES = YES;
				CLANG_WARN_SUSPICIOUS_MOVE = YES;
				CLANG_WARN_UNGUARDED_AVAILABILITY = YES_AGGRESSIVE;
				CLANG_WARN_UNREACHABLE_CODE = YES;
				CLANG_WARN__DUPLICATE_METHOD_MATCH = YES;
				COPY_PHASE_STRIP = NO;
				DEBUG_INFORMATION_FORMAT = dwarf;
				ENABLE_STRICT_OBJC_MSGSEND = YES;
				ENABLE_TESTABILITY = YES;
				ENABLE_USER_SCRIPT_SANDBOXING = YES;
				GCC_C_LANGUAGE_STANDARD = gnu17;
				GCC_DYNAMIC_NO_PIC = NO;
				GCC_NO_COMMON_BLOCKS = YES;
				GCC_OPTIMIZATION_LEVEL = 0;
				GCC_PREPROCESSOR_DEFINITIONS = (
					"DEBUG=1",
					"$(inherited)",
				);
				GCC_WARN_64_TO_32_BIT_CONVERSION = YES;
				GCC_WARN_ABOUT_RETURN_TYPE = YES_ERROR;
				GCC_WARN_UNDECLARED_SELECTOR = YES;
				GCC_WARN_UNINITIALIZED_AUTOS = YES_AGGRESSIVE;
				GCC_WARN_UNUSED_FUNCTION = YES;
				GCC_WARN_UNUSED_VARIABLE = YES;
				IPHONEOS_DEPLOYMENT_TARGET = 17.4;
				LOCALIZATION_PREFERS_STRING_CATALOGS = YES;
				MTL_ENABLE_DEBUG_INFO = INCLUDE_SOURCE;
				MTL_FAST_MATH = YES;
				ONLY_ACTIVE_ARCH = YES;
				SDKROOT = iphoneos;
				SWIFT_ACTIVE_COMPILATION_CONDITIONS = "DEBUG $(inherited)";
				SWIFT_OPTIMIZATION_LEVEL = "-Onone";
			};
			name = Debug;
		};
		417B98082BC3ED7400DF81D1 /* Release */ = {
			isa = XCBuildConfiguration;
			buildSettings = {
				ALWAYS_SEARCH_USER_PATHS = NO;
				ASSETCATALOG_COMPILER_GENERATE_SWIFT_ASSET_SYMBOL_EXTENSIONS = YES;
				CLANG_ANALYZER_NONNULL = YES;
				CLANG_ANALYZER_NUMBER_OBJECT_CONVERSION = YES_AGGRESSIVE;
				CLANG_CXX_LANGUAGE_STANDARD = "gnu++20";
				CLANG_ENABLE_MODULES = YES;
				CLANG_ENABLE_OBJC_ARC = YES;
				CLANG_ENABLE_OBJC_WEAK = YES;
				CLANG_WARN_BLOCK_CAPTURE_AUTORELEASING = YES;
				CLANG_WARN_BOOL_CONVERSION = YES;
				CLANG_WARN_COMMA = YES;
				CLANG_WARN_CONSTANT_CONVERSION = YES;
				CLANG_WARN_DEPRECATED_OBJC_IMPLEMENTATIONS = YES;
				CLANG_WARN_DIRECT_OBJC_ISA_USAGE = YES_ERROR;
				CLANG_WARN_DOCUMENTATION_COMMENTS = YES;
				CLANG_WARN_EMPTY_BODY = YES;
				CLANG_WARN_ENUM_CONVERSION = YES;
				CLANG_WARN_INFINITE_RECURSION = YES;
				CLANG_WARN_INT_CONVERSION = YES;
				CLANG_WARN_NON_LITERAL_NULL_CONVERSION = YES;
				CLANG_WARN_OBJC_IMPLICIT_RETAIN_SELF = YES;
				CLANG_WARN_OBJC_LITERAL_CONVERSION = YES;
				CLANG_WARN_OBJC_ROOT_CLASS = YES_ERROR;
				CLANG_WARN_QUOTED_INCLUDE_IN_FRAMEWORK_HEADER = YES;
				CLANG_WARN_RANGE_LOOP_ANALYSIS = YES;
				CLANG_WARN_STRICT_PROTOTYPES = YES;
				CLANG_WARN_SUSPICIOUS_MOVE = YES;
				CLANG_WARN_UNGUARDED_AVAILABILITY = YES_AGGRESSIVE;
				CLANG_WARN_UNREACHABLE_CODE = YES;
				CLANG_WARN__DUPLICATE_METHOD_MATCH = YES;
				COPY_PHASE_STRIP = NO;
				DEBUG_INFORMATION_FORMAT = "dwarf-with-dsym";
				ENABLE_NS_ASSERTIONS = NO;
				ENABLE_STRICT_OBJC_MSGSEND = YES;
				ENABLE_USER_SCRIPT_SANDBOXING = YES;
				GCC_C_LANGUAGE_STANDARD = gnu17;
				GCC_NO_COMMON_BLOCKS = YES;
				GCC_WARN_64_TO_32_BIT_CONVERSION = YES;
				GCC_WARN_ABOUT_RETURN_TYPE = YES_ERROR;
				GCC_WARN_UNDECLARED_SELECTOR = YES;
				GCC_WARN_UNINITIALIZED_AUTOS = YES_AGGRESSIVE;
				GCC_WARN_UNUSED_FUNCTION = YES;
				GCC_WARN_UNUSED_VARIABLE = YES;
				IPHONEOS_DEPLOYMENT_TARGET = 17.4;
				LOCALIZATION_PREFERS_STRING_CATALOGS = YES;
				MTL_ENABLE_DEBUG_INFO = NO;
				MTL_FAST_MATH = YES;
				SDKROOT = iphoneos;
				SWIFT_COMPILATION_MODE = wholemodule;
				VALIDATE_PRODUCT = YES;
			};
			name = Release;
		};
		417B980A2BC3ED7400DF81D1 /* Debug */ = {
			isa = XCBuildConfiguration;
			buildSettings = {
				ASSETCATALOG_COMPILER_APPICON_NAME = AppIcon;
				ASSETCATALOG_COMPILER_GLOBAL_ACCENT_COLOR_NAME = AccentColor;
				CODE_SIGN_STYLE = Automatic;
				CURRENT_PROJECT_VERSION = 1;
				GENERATE_INFOPLIST_FILE = YES;
				INFOPLIST_FILE = OddOrEvenGame/Info.plist;
				INFOPLIST_KEY_UIApplicationSupportsIndirectInputEvents = YES;
				INFOPLIST_KEY_UILaunchStoryboardName = LaunchScreen;
				INFOPLIST_KEY_UIMainStoryboardFile = Main;
				INFOPLIST_KEY_UISupportedInterfaceOrientations_iPad = "UIInterfaceOrientationPortrait UIInterfaceOrientationPortraitUpsideDown UIInterfaceOrientationLandscapeLeft UIInterfaceOrientationLandscapeRight";
				INFOPLIST_KEY_UISupportedInterfaceOrientations_iPhone = "UIInterfaceOrientationPortrait UIInterfaceOrientationLandscapeLeft UIInterfaceOrientationLandscapeRight";
				LD_RUNPATH_SEARCH_PATHS = (
					"$(inherited)",
					"@executable_path/Frameworks",
				);
				MARKETING_VERSION = 1.0;
				PRODUCT_BUNDLE_IDENTIFIER = com.jjong.www.OddOrEvenGame;
				PRODUCT_NAME = "$(TARGET_NAME)";
				SWIFT_EMIT_LOC_STRINGS = YES;
				SWIFT_VERSION = 5.0;
				TARGETED_DEVICE_FAMILY = "1,2";
			};
			name = Debug;
		};
		417B980B2BC3ED7400DF81D1 /* Release */ = {
			isa = XCBuildConfiguration;
			buildSettings = {
				ASSETCATALOG_COMPILER_APPICON_NAME = AppIcon;
				ASSETCATALOG_COMPILER_GLOBAL_ACCENT_COLOR_NAME = AccentColor;
				CODE_SIGN_STYLE = Automatic;
				CURRENT_PROJECT_VERSION = 1;
				GENERATE_INFOPLIST_FILE = YES;
				INFOPLIST_FILE = OddOrEvenGame/Info.plist;
				INFOPLIST_KEY_UIApplicationSupportsIndirectInputEvents = YES;
				INFOPLIST_KEY_UILaunchStoryboardName = LaunchScreen;
				INFOPLIST_KEY_UIMainStoryboardFile = Main;
				INFOPLIST_KEY_UISupportedInterfaceOrientations_iPad = "UIInterfaceOrientationPortrait UIInterfaceOrientationPortraitUpsideDown UIInterfaceOrientationLandscapeLeft UIInterfaceOrientationLandscapeRight";
				INFOPLIST_KEY_UISupportedInterfaceOrientations_iPhone = "UIInterfaceOrientationPortrait UIInterfaceOrientationLandscapeLeft UIInterfaceOrientationLandscapeRight";
				LD_RUNPATH_SEARCH_PATHS = (
					"$(inherited)",
					"@executable_path/Frameworks",
				);
				MARKETING_VERSION = 1.0;
				PRODUCT_BUNDLE_IDENTIFIER = com.jjong.www.OddOrEvenGame;
				PRODUCT_NAME = "$(TARGET_NAME)";
				SWIFT_EMIT_LOC_STRINGS = YES;
				SWIFT_VERSION = 5.0;
				TARGETED_DEVICE_FAMILY = "1,2";
			};
			name = Release;
		};
		417B980D2BC3ED7400DF81D1 /* Debug */ = {
			isa = XCBuildConfiguration;
			buildSettings = {
				ALWAYS_EMBED_SWIFT_STANDARD_LIBRARIES = YES;
				BUNDLE_LOADER = "$(TEST_HOST)";
				CODE_SIGN_STYLE = Automatic;
				CURRENT_PROJECT_VERSION = 1;
				GENERATE_INFOPLIST_FILE = YES;
				IPHONEOS_DEPLOYMENT_TARGET = 17.4;
				MARKETING_VERSION = 1.0;
				PRODUCT_BUNDLE_IDENTIFIER = com.jjong.www.OddOrEvenGameTests;
				PRODUCT_NAME = "$(TARGET_NAME)";
				SWIFT_EMIT_LOC_STRINGS = NO;
				SWIFT_VERSION = 5.0;
				TARGETED_DEVICE_FAMILY = "1,2";
				TEST_HOST = "$(BUILT_PRODUCTS_DIR)/OddOrEvenGame.app/$(BUNDLE_EXECUTABLE_FOLDER_PATH)/OddOrEvenGame";
			};
			name = Debug;
		};
		417B980E2BC3ED7400DF81D1 /* Release */ = {
			isa = XCBuildConfiguration;
			buildSettings = {
				ALWAYS_EMBED_SWIFT_STANDARD_LIBRARIES = YES;
				BUNDLE_LOADER = "$(TEST_HOST)";
				CODE_SIGN_STYLE = Automatic;
				CURRENT_PROJECT_VERSION = 1;
				GENERATE_INFOPLIST_FILE = YES;
				IPHONEOS_DEPLOYMENT_TARGET = 17.4;
				MARKETING_VERSION = 1.0;
				PRODUCT_BUNDLE_IDENTIFIER = com.jjong.www.OddOrEvenGameTests;
				PRODUCT_NAME = "$(TARGET_NAME)";
				SWIFT_EMIT_LOC_STRINGS = NO;
				SWIFT_VERSION = 5.0;
				TARGETED_DEVICE_FAMILY = "1,2";
				TEST_HOST = "$(BUILT_PRODUCTS_DIR)/OddOrEvenGame.app/$(BUNDLE_EXECUTABLE_FOLDER_PATH)/OddOrEvenGame";
			};
			name = Release;
		};
		417B98102BC3ED7400DF81D1 /* Debug */ = {
			isa = XCBuildConfiguration;
			buildSettings = {
				ALWAYS_EMBED_SWIFT_STANDARD_LIBRARIES = YES;
				CODE_SIGN_STYLE = Automatic;
				CURRENT_PROJECT_VERSION = 1;
				GENERATE_INFOPLIST_FILE = YES;
				MARKETING_VERSION = 1.0;
				PRODUCT_BUNDLE_IDENTIFIER = com.jjong.www.OddOrEvenGameUITests;
				PRODUCT_NAME = "$(TARGET_NAME)";
				SWIFT_EMIT_LOC_STRINGS = NO;
				SWIFT_VERSION = 5.0;
				TARGETED_DEVICE_FAMILY = "1,2";
				TEST_TARGET_NAME = OddOrEvenGame;
			};
			name = Debug;
		};
		417B98112BC3ED7400DF81D1 /* Release */ = {
			isa = XCBuildConfiguration;
			buildSettings = {
				ALWAYS_EMBED_SWIFT_STANDARD_LIBRARIES = YES;
				CODE_SIGN_STYLE = Automatic;
				CURRENT_PROJECT_VERSION = 1;
				GENERATE_INFOPLIST_FILE = YES;
				MARKETING_VERSION = 1.0;
				PRODUCT_BUNDLE_IDENTIFIER = com.jjong.www.OddOrEvenGameUITests;
				PRODUCT_NAME = "$(TARGET_NAME)";
				SWIFT_EMIT_LOC_STRINGS = NO;
				SWIFT_VERSION = 5.0;
				TARGETED_DEVICE_FAMILY = "1,2";
				TEST_TARGET_NAME = OddOrEvenGame;
			};
			name = Release;
		};
/* End XCBuildConfiguration section */

/* Begin XCConfigurationList section */
		417B97DA2BC3ED7300DF81D1 /* Build configuration list for PBXProject "OddOrEvenGame" */ = {
			isa = XCConfigurationList;
			buildConfigurations = (
				417B98072BC3ED7400DF81D1 /* Debug */,
				417B98082BC3ED7400DF81D1 /* Release */,
			);
			defaultConfigurationIsVisible = 0;
			defaultConfigurationName = Release;
		};
		417B98092BC3ED7400DF81D1 /* Build configuration list for PBXNativeTarget "OddOrEvenGame" */ = {
			isa = XCConfigurationList;
			buildConfigurations = (
				417B980A2BC3ED7400DF81D1 /* Debug */,
				417B980B2BC3ED7400DF81D1 /* Release */,
			);
			defaultConfigurationIsVisible = 0;
			defaultConfigurationName = Release;
		};
		417B980C2BC3ED7400DF81D1 /* Build configuration list for PBXNativeTarget "OddOrEvenGameTests" */ = {
			isa = XCConfigurationList;
			buildConfigurations = (
				417B980D2BC3ED7400DF81D1 /* Debug */,
				417B980E2BC3ED7400DF81D1 /* Release */,
			);
			defaultConfigurationIsVisible = 0;
			defaultConfigurationName = Release;
		};
		417B980F2BC3ED7400DF81D1 /* Build configuration list for PBXNativeTarget "OddOrEvenGameUITests" */ = {
			isa = XCConfigurationList;
			buildConfigurations = (
				417B98102BC3ED7400DF81D1 /* Debug */,
				417B98112BC3ED7400DF81D1 /* Release */,
			);
			defaultConfigurationIsVisible = 0;
			defaultConfigurationName = Release;
		};
/* End XCConfigurationList section */
	};
	rootObject = 417B97D72BC3ED7300DF81D1 /* Project object */;
}
