// !$*UTF8*$!
{
	archiveVersion = 1;
	classes = {
	};
	objectVersion = 56;
	objects = {

/* Begin PBXBuildFile section */
		416284C92BC2AD1000DD04AA /* AppDelegate.swift in Sources */ = {isa = PBXBuildFile; fileRef = 416284C82BC2AD1000DD04AA /* AppDelegate.swift */; };
		416284CB2BC2AD1000DD04AA /* SceneDelegate.swift in Sources */ = {isa = PBXBuildFile; fileRef = 416284CA2BC2AD1000DD04AA /* SceneDelegate.swift */; };
		416284CD2BC2AD1000DD04AA /* ViewController.swift in Sources */ = {isa = PBXBuildFile; fileRef = 416284CC2BC2AD1000DD04AA /* ViewController.swift */; };
		416284D02BC2AD1000DD04AA /* Base in Resources */ = {isa = PBXBuildFile; fileRef = 416284CF2BC2AD1000DD04AA /* Base */; };
		416284D22BC2AD1100DD04AA /* Assets.xcassets in Resources */ = {isa = PBXBuildFile; fileRef = 416284D12BC2AD1100DD04AA /* Assets.xcassets */; };
		416284D52BC2AD1100DD04AA /* Base in Resources */ = {isa = PBXBuildFile; fileRef = 416284D42BC2AD1100DD04AA /* Base */; };
		416284E02BC2AD1100DD04AA /* OddEvenGameTests.swift in Sources */ = {isa = PBXBuildFile; fileRef = 416284DF2BC2AD1100DD04AA /* OddEvenGameTests.swift */; };
		416284EA2BC2AD1100DD04AA /* OddEvenGameUITests.swift in Sources */ = {isa = PBXBuildFile; fileRef = 416284E92BC2AD1100DD04AA /* OddEvenGameUITests.swift */; };
		416284EC2BC2AD1100DD04AA /* OddEvenGameUITestsLaunchTests.swift in Sources */ = {isa = PBXBuildFile; fileRef = 416284EB2BC2AD1100DD04AA /* OddEvenGameUITestsLaunchTests.swift */; };
/* End PBXBuildFile section */

/* Begin PBXContainerItemProxy section */
		416284DC2BC2AD1100DD04AA /* PBXContainerItemProxy */ = {
			isa = PBXContainerItemProxy;
			containerPortal = 416284BD2BC2AD1000DD04AA /* Project object */;
			proxyType = 1;
			remoteGlobalIDString = 416284C42BC2AD1000DD04AA;
			remoteInfo = OddEvenGame;
		};
		416284E62BC2AD1100DD04AA /* PBXContainerItemProxy */ = {
			isa = PBXContainerItemProxy;
			containerPortal = 416284BD2BC2AD1000DD04AA /* Project object */;
			proxyType = 1;
			remoteGlobalIDString = 416284C42BC2AD1000DD04AA;
			remoteInfo = OddEvenGame;
		};
/* End PBXContainerItemProxy section */

/* Begin PBXFileReference section */
		416284C52BC2AD1000DD04AA /* OddEvenGame.app */ = {isa = PBXFileReference; explicitFileType = wrapper.application; includeInIndex = 0; path = OddEvenGame.app; sourceTree = BUILT_PRODUCTS_DIR; };
		416284C82BC2AD1000DD04AA /* AppDelegate.swift */ = {isa = PBXFileReference; lastKnownFileType = sourcecode.swift; path = AppDelegate.swift; sourceTree = "<group>"; };
		416284CA2BC2AD1000DD04AA /* SceneDelegate.swift */ = {isa = PBXFileReference; lastKnownFileType = sourcecode.swift; path = SceneDelegate.swift; sourceTree = "<group>"; };
		416284CC2BC2AD1000DD04AA /* ViewController.swift */ = {isa = PBXFileReference; lastKnownFileType = sourcecode.swift; path = ViewController.swift; sourceTree = "<group>"; };
		416284CF2BC2AD1000DD04AA /* Base */ = {isa = PBXFileReference; lastKnownFileType = file.storyboard; name = Base; path = Base.lproj/Main.storyboard; sourceTree = "<group>"; };
		416284D12BC2AD1100DD04AA /* Assets.xcassets */ = {isa = PBXFileReference; lastKnownFileType = folder.assetcatalog; path = Assets.xcassets; sourceTree = "<group>"; };
		416284D42BC2AD1100DD04AA /* Base */ = {isa = PBXFileReference; lastKnownFileType = file.storyboard; name = Base; path = Base.lproj/LaunchScreen.storyboard; sourceTree = "<group>"; };
		416284D62BC2AD1100DD04AA /* Info.plist */ = {isa = PBXFileReference; lastKnownFileType = text.plist.xml; path = Info.plist; sourceTree = "<group>"; };
		416284DB2BC2AD1100DD04AA /* OddEvenGameTests.xctest */ = {isa = PBXFileReference; explicitFileType = wrapper.cfbundle; includeInIndex = 0; path = OddEvenGameTests.xctest; sourceTree = BUILT_PRODUCTS_DIR; };
		416284DF2BC2AD1100DD04AA /* OddEvenGameTests.swift */ = {isa = PBXFileReference; lastKnownFileType = sourcecode.swift; path = OddEvenGameTests.swift; sourceTree = "<group>"; };
		416284E52BC2AD1100DD04AA /* OddEvenGameUITests.xctest */ = {isa = PBXFileReference; explicitFileType = wrapper.cfbundle; includeInIndex = 0; path = OddEvenGameUITests.xctest; sourceTree = BUILT_PRODUCTS_DIR; };
		416284E92BC2AD1100DD04AA /* OddEvenGameUITests.swift */ = {isa = PBXFileReference; lastKnownFileType = sourcecode.swift; path = OddEvenGameUITests.swift; sourceTree = "<group>"; };
		416284EB2BC2AD1100DD04AA /* OddEvenGameUITestsLaunchTests.swift */ = {isa = PBXFileReference; lastKnownFileType = sourcecode.swift; path = OddEvenGameUITestsLaunchTests.swift; sourceTree = "<group>"; };
/* End PBXFileReference section */

/* Begin PBXFrameworksBuildPhase section */
		416284C22BC2AD1000DD04AA /* Frameworks */ = {
			isa = PBXFrameworksBuildPhase;
			buildActionMask = 2147483647;
			files = (
			);
			runOnlyForDeploymentPostprocessing = 0;
		};
		416284D82BC2AD1100DD04AA /* Frameworks */ = {
			isa = PBXFrameworksBuildPhase;
			buildActionMask = 2147483647;
			files = (
			);
			runOnlyForDeploymentPostprocessing = 0;
		};
		416284E22BC2AD1100DD04AA /* Frameworks */ = {
			isa = PBXFrameworksBuildPhase;
			buildActionMask = 2147483647;
			files = (
			);
			runOnlyForDeploymentPostprocessing = 0;
		};
/* End PBXFrameworksBuildPhase section */

/* Begin PBXGroup section */
		416284BC2BC2AD1000DD04AA = {
			isa = PBXGroup;
			children = (
				416284C72BC2AD1000DD04AA /* OddEvenGame */,
				416284DE2BC2AD1100DD04AA /* OddEvenGameTests */,
				416284E82BC2AD1100DD04AA /* OddEvenGameUITests */,
				416284C62BC2AD1000DD04AA /* Products */,
			);
			sourceTree = "<group>";
		};
		416284C62BC2AD1000DD04AA /* Products */ = {
			isa = PBXGroup;
			children = (
				416284C52BC2AD1000DD04AA /* OddEvenGame.app */,
				416284DB2BC2AD1100DD04AA /* OddEvenGameTests.xctest */,
				416284E52BC2AD1100DD04AA /* OddEvenGameUITests.xctest */,
			);
			name = Products;
			sourceTree = "<group>";
		};
		416284C72BC2AD1000DD04AA /* OddEvenGame */ = {
			isa = PBXGroup;
			children = (
				416284C82BC2AD1000DD04AA /* AppDelegate.swift */,
				416284CA2BC2AD1000DD04AA /* SceneDelegate.swift */,
				416284CC2BC2AD1000DD04AA /* ViewController.swift */,
				416284CE2BC2AD1000DD04AA /* Main.storyboard */,
				416284D12BC2AD1100DD04AA /* Assets.xcassets */,
				416284D32BC2AD1100DD04AA /* LaunchScreen.storyboard */,
				416284D62BC2AD1100DD04AA /* Info.plist */,
			);
			path = OddEvenGame;
			sourceTree = "<group>";
		};
		416284DE2BC2AD1100DD04AA /* OddEvenGameTests */ = {
			isa = PBXGroup;
			children = (
				416284DF2BC2AD1100DD04AA /* OddEvenGameTests.swift */,
			);
			path = OddEvenGameTests;
			sourceTree = "<group>";
		};
		416284E82BC2AD1100DD04AA /* OddEvenGameUITests */ = {
			isa = PBXGroup;
			children = (
				416284E92BC2AD1100DD04AA /* OddEvenGameUITests.swift */,
				416284EB2BC2AD1100DD04AA /* OddEvenGameUITestsLaunchTests.swift */,
			);
			path = OddEvenGameUITests;
			sourceTree = "<group>";
		};
/* End PBXGroup section */

/* Begin PBXNativeTarget section */
		416284C42BC2AD1000DD04AA /* OddEvenGame */ = {
			isa = PBXNativeTarget;
			buildConfigurationList = 416284EF2BC2AD1100DD04AA /* Build configuration list for PBXNativeTarget "OddEvenGame" */;
			buildPhases = (
				416284C12BC2AD1000DD04AA /* Sources */,
				416284C22BC2AD1000DD04AA /* Frameworks */,
				416284C32BC2AD1000DD04AA /* Resources */,
			);
			buildRules = (
			);
			dependencies = (
			);
			name = OddEvenGame;
			productName = OddEvenGame;
			productReference = 416284C52BC2AD1000DD04AA /* OddEvenGame.app */;
			productType = "com.apple.product-type.application";
		};
		416284DA2BC2AD1100DD04AA /* OddEvenGameTests */ = {
			isa = PBXNativeTarget;
			buildConfigurationList = 416284F22BC2AD1100DD04AA /* Build configuration list for PBXNativeTarget "OddEvenGameTests" */;
			buildPhases = (
				416284D72BC2AD1100DD04AA /* Sources */,
				416284D82BC2AD1100DD04AA /* Frameworks */,
				416284D92BC2AD1100DD04AA /* Resources */,
			);
			buildRules = (
			);
			dependencies = (
				416284DD2BC2AD1100DD04AA /* PBXTargetDependency */,
			);
			name = OddEvenGameTests;
			productName = OddEvenGameTests;
			productReference = 416284DB2BC2AD1100DD04AA /* OddEvenGameTests.xctest */;
			productType = "com.apple.product-type.bundle.unit-test";
		};
		416284E42BC2AD1100DD04AA /* OddEvenGameUITests */ = {
			isa = PBXNativeTarget;
			buildConfigurationList = 416284F52BC2AD1100DD04AA /* Build configuration list for PBXNativeTarget "OddEvenGameUITests" */;
			buildPhases = (
				416284E12BC2AD1100DD04AA /* Sources */,
				416284E22BC2AD1100DD04AA /* Frameworks */,
				416284E32BC2AD1100DD04AA /* Resources */,
			);
			buildRules = (
			);
			dependencies = (
				416284E72BC2AD1100DD04AA /* PBXTargetDependency */,
			);
			name = OddEvenGameUITests;
			productName = OddEvenGameUITests;
			productReference = 416284E52BC2AD1100DD04AA /* OddEvenGameUITests.xctest */;
			productType = "com.apple.product-type.bundle.ui-testing";
		};
/* End PBXNativeTarget section */

/* Begin PBXProject section */
		416284BD2BC2AD1000DD04AA /* Project object */ = {
			isa = PBXProject;
			attributes = {
				BuildIndependentTargetsInParallel = 1;
				LastSwiftUpdateCheck = 1530;
				LastUpgradeCheck = 1530;
				TargetAttributes = {
					416284C42BC2AD1000DD04AA = {
						CreatedOnToolsVersion = 15.3;
					};
					416284DA2BC2AD1100DD04AA = {
						CreatedOnToolsVersion = 15.3;
						TestTargetID = 416284C42BC2AD1000DD04AA;
					};
					416284E42BC2AD1100DD04AA = {
						CreatedOnToolsVersion = 15.3;
						TestTargetID = 416284C42BC2AD1000DD04AA;
					};
				};
			};
			buildConfigurationList = 416284C02BC2AD1000DD04AA /* Build configuration list for PBXProject "OddEvenGame" */;
			compatibilityVersion = "Xcode 14.0";
			developmentRegion = en;
			hasScannedForEncodings = 0;
			knownRegions = (
				en,
				Base,
			);
			mainGroup = 416284BC2BC2AD1000DD04AA;
			productRefGroup = 416284C62BC2AD1000DD04AA /* Products */;
			projectDirPath = "";
			projectRoot = "";
			targets = (
				416284C42BC2AD1000DD04AA /* OddEvenGame */,
				416284DA2BC2AD1100DD04AA /* OddEvenGameTests */,
				416284E42BC2AD1100DD04AA /* OddEvenGameUITests */,
			);
		};
/* End PBXProject section */

/* Begin PBXResourcesBuildPhase section */
		416284C32BC2AD1000DD04AA /* Resources */ = {
			isa = PBXResourcesBuildPhase;
			buildActionMask = 2147483647;
			files = (
				416284D22BC2AD1100DD04AA /* Assets.xcassets in Resources */,
				416284D52BC2AD1100DD04AA /* Base in Resources */,
				416284D02BC2AD1000DD04AA /* Base in Resources */,
			);
			runOnlyForDeploymentPostprocessing = 0;
		};
		416284D92BC2AD1100DD04AA /* Resources */ = {
			isa = PBXResourcesBuildPhase;
			buildActionMask = 2147483647;
			files = (
			);
			runOnlyForDeploymentPostprocessing = 0;
		};
		416284E32BC2AD1100DD04AA /* Resources */ = {
			isa = PBXResourcesBuildPhase;
			buildActionMask = 2147483647;
			files = (
			);
			runOnlyForDeploymentPostprocessing = 0;
		};
/* End PBXResourcesBuildPhase section */

/* Begin PBXSourcesBuildPhase section */
		416284C12BC2AD1000DD04AA /* Sources */ = {
			isa = PBXSourcesBuildPhase;
			buildActionMask = 2147483647;
			files = (
				416284CD2BC2AD1000DD04AA /* ViewController.swift in Sources */,
				416284C92BC2AD1000DD04AA /* AppDelegate.swift in Sources */,
				416284CB2BC2AD1000DD04AA /* SceneDelegate.swift in Sources */,
			);
			runOnlyForDeploymentPostprocessing = 0;
		};
		416284D72BC2AD1100DD04AA /* Sources */ = {
			isa = PBXSourcesBuildPhase;
			buildActionMask = 2147483647;
			files = (
				416284E02BC2AD1100DD04AA /* OddEvenGameTests.swift in Sources */,
			);
			runOnlyForDeploymentPostprocessing = 0;
		};
		416284E12BC2AD1100DD04AA /* Sources */ = {
			isa = PBXSourcesBuildPhase;
			buildActionMask = 2147483647;
			files = (
				416284EC2BC2AD1100DD04AA /* OddEvenGameUITestsLaunchTests.swift in Sources */,
				416284EA2BC2AD1100DD04AA /* OddEvenGameUITests.swift in Sources */,
			);
			runOnlyForDeploymentPostprocessing = 0;
		};
/* End PBXSourcesBuildPhase section */

/* Begin PBXTargetDependency section */
		416284DD2BC2AD1100DD04AA /* PBXTargetDependency */ = {
			isa = PBXTargetDependency;
			target = 416284C42BC2AD1000DD04AA /* OddEvenGame */;
			targetProxy = 416284DC2BC2AD1100DD04AA /* PBXContainerItemProxy */;
		};
		416284E72BC2AD1100DD04AA /* PBXTargetDependency */ = {
			isa = PBXTargetDependency;
			target = 416284C42BC2AD1000DD04AA /* OddEvenGame */;
			targetProxy = 416284E62BC2AD1100DD04AA /* PBXContainerItemProxy */;
		};
/* End PBXTargetDependency section */

/* Begin PBXVariantGroup section */
		416284CE2BC2AD1000DD04AA /* Main.storyboard */ = {
			isa = PBXVariantGroup;
			children = (
				416284CF2BC2AD1000DD04AA /* Base */,
			);
			name = Main.storyboard;
			sourceTree = "<group>";
		};
		416284D32BC2AD1100DD04AA /* LaunchScreen.storyboard */ = {
			isa = PBXVariantGroup;
			children = (
				416284D42BC2AD1100DD04AA /* Base */,
			);
			name = LaunchScreen.storyboard;
			sourceTree = "<group>";
		};
/* End PBXVariantGroup section */

/* Begin XCBuildConfiguration section */
		416284ED2BC2AD1100DD04AA /* Debug */ = {
			isa = XCBuildConfiguration;
			buildSettings = {
				ALWAYS_SEARCH_USER_PATHS = NO;
				ASSETCATALOG_COMPILER_GENERATE_SWIFT_ASSET_SYMBOL_EXTENSIONS = YES;
				CLANG_ANALYZER_NONNULL = YES;
				CLANG_ANALYZER_NUMBER_OBJECT_CONVERSION = YES_AGGRESSIVE;
				CLANG_CXX_LANGUAGE_STANDARD = "gnu++20";
				CLANG_ENABLE_MODULES = YES;
				CLANG_ENABLE_OBJC_ARC = YES;
				CLANG_ENABLE_OBJC_WEAK = YES;
				CLANG_WARN_BLOCK_CAPTURE_AUTORELEASING = YES;
				CLANG_WARN_BOOL_CONVERSION = YES;
				CLANG_WARN_COMMA = YES;
				CLANG_WARN_CONSTANT_CONVERSION = YES;
				CLANG_WARN_DEPRECATED_OBJC_IMPLEMENTATIONS = YES;
				CLANG_WARN_DIRECT_OBJC_ISA_USAGE = YES_ERROR;
				CLANG_WARN_DOCUMENTATION_COMMENTS = YES;
				CLANG_WARN_EMPTY_BODY = YES;
				CLANG_WARN_ENUM_CONVERSION = YES;
				CLANG_WARN_INFINITE_RECURSION = YES;
				CLANG_WARN_INT_CONVERSION = YES;
				CLANG_WARN_NON_LITERAL_NULL_CONVERSION = YES;
				CLANG_WARN_OBJC_IMPLICIT_RETAIN_SELF = YES;
				CLANG_WARN_OBJC_LITERAL_CONVERSION = YES;
				CLANG_WARN_OBJC_ROOT_CLASS = YES_ERROR;
				CLANG_WARN_QUOTED_INCLUDE_IN_FRAMEWORK_HEADER = YES;
				CLANG_WARN_RANGE_LOOP_ANALYSIS = YES;
				CLANG_WARN_STRICT_PROTOTYPES = YES;
				CLANG_WARN_SUSPICIOUS_MOVE = YES;
				CLANG_WARN_UNGUARDED_AVAILABILITY = YES_AGGRESSIVE;
				CLANG_WARN_UNREACHABLE_CODE = YES;
				CLANG_WARN__DUPLICATE_METHOD_MATCH = YES;
				COPY_PHASE_STRIP = NO;
				DEBUG_INFORMATION_FORMAT = dwarf;
				ENABLE_STRICT_OBJC_MSGSEND = YES;
				ENABLE_TESTABILITY = YES;
				ENABLE_USER_SCRIPT_SANDBOXING = YES;
				GCC_C_LANGUAGE_STANDARD = gnu17;
				GCC_DYNAMIC_NO_PIC = NO;
				GCC_NO_COMMON_BLOCKS = YES;
				GCC_OPTIMIZATION_LEVEL = 0;
				GCC_PREPROCESSOR_DEFINITIONS = (
					"DEBUG=1",
					"$(inherited)",
				);
				GCC_WARN_64_TO_32_BIT_CONVERSION = YES;
				GCC_WARN_ABOUT_RETURN_TYPE = YES_ERROR;
				GCC_WARN_UNDECLARED_SELECTOR = YES;
				GCC_WARN_UNINITIALIZED_AUTOS = YES_AGGRESSIVE;
				GCC_WARN_UNUSED_FUNCTION = YES;
				GCC_WARN_UNUSED_VARIABLE = YES;
				IPHONEOS_DEPLOYMENT_TARGET = 17.4;
				LOCALIZATION_PREFERS_STRING_CATALOGS = YES;
				MTL_ENABLE_DEBUG_INFO = INCLUDE_SOURCE;
				MTL_FAST_MATH = YES;
				ONLY_ACTIVE_ARCH = YES;
				SDKROOT = iphoneos;
				SWIFT_ACTIVE_COMPILATION_CONDITIONS = "DEBUG $(inherited)";
				SWIFT_OPTIMIZATION_LEVEL = "-Onone";
			};
			name = Debug;
		};
		416284EE2BC2AD1100DD04AA /* Release */ = {
			isa = XCBuildConfiguration;
			buildSettings = {
				ALWAYS_SEARCH_USER_PATHS = NO;
				ASSETCATALOG_COMPILER_GENERATE_SWIFT_ASSET_SYMBOL_EXTENSIONS = YES;
				CLANG_ANALYZER_NONNULL = YES;
				CLANG_ANALYZER_NUMBER_OBJECT_CONVERSION = YES_AGGRESSIVE;
				CLANG_CXX_LANGUAGE_STANDARD = "gnu++20";
				CLANG_ENABLE_MODULES = YES;
				CLANG_ENABLE_OBJC_ARC = YES;
				CLANG_ENABLE_OBJC_WEAK = YES;
				CLANG_WARN_BLOCK_CAPTURE_AUTORELEASING = YES;
				CLANG_WARN_BOOL_CONVERSION = YES;
				CLANG_WARN_COMMA = YES;
				CLANG_WARN_CONSTANT_CONVERSION = YES;
				CLANG_WARN_DEPRECATED_OBJC_IMPLEMENTATIONS = YES;
				CLANG_WARN_DIRECT_OBJC_ISA_USAGE = YES_ERROR;
				CLANG_WARN_DOCUMENTATION_COMMENTS = YES;
				CLANG_WARN_EMPTY_BODY = YES;
				CLANG_WARN_ENUM_CONVERSION = YES;
				CLANG_WARN_INFINITE_RECURSION = YES;
				CLANG_WARN_INT_CONVERSION = YES;
				CLANG_WARN_NON_LITERAL_NULL_CONVERSION = YES;
				CLANG_WARN_OBJC_IMPLICIT_RETAIN_SELF = YES;
				CLANG_WARN_OBJC_LITERAL_CONVERSION = YES;
				CLANG_WARN_OBJC_ROOT_CLASS = YES_ERROR;
				CLANG_WARN_QUOTED_INCLUDE_IN_FRAMEWORK_HEADER = YES;
				CLANG_WARN_RANGE_LOOP_ANALYSIS = YES;
				CLANG_WARN_STRICT_PROTOTYPES = YES;
				CLANG_WARN_SUSPICIOUS_MOVE = YES;
				CLANG_WARN_UNGUARDED_AVAILABILITY = YES_AGGRESSIVE;
				CLANG_WARN_UNREACHABLE_CODE = YES;
				CLANG_WARN__DUPLICATE_METHOD_MATCH = YES;
				COPY_PHASE_STRIP = NO;
				DEBUG_INFORMATION_FORMAT = "dwarf-with-dsym";
				ENABLE_NS_ASSERTIONS = NO;
				ENABLE_STRICT_OBJC_MSGSEND = YES;
				ENABLE_USER_SCRIPT_SANDBOXING = YES;
				GCC_C_LANGUAGE_STANDARD = gnu17;
				GCC_NO_COMMON_BLOCKS = YES;
				GCC_WARN_64_TO_32_BIT_CONVERSION = YES;
				GCC_WARN_ABOUT_RETURN_TYPE = YES_ERROR;
				GCC_WARN_UNDECLARED_SELECTOR = YES;
				GCC_WARN_UNINITIALIZED_AUTOS = YES_AGGRESSIVE;
				GCC_WARN_UNUSED_FUNCTION = YES;
				GCC_WARN_UNUSED_VARIABLE = YES;
				IPHONEOS_DEPLOYMENT_TARGET = 17.4;
				LOCALIZATION_PREFERS_STRING_CATALOGS = YES;
				MTL_ENABLE_DEBUG_INFO = NO;
				MTL_FAST_MATH = YES;
				SDKROOT = iphoneos;
				SWIFT_COMPILATION_MODE = wholemodule;
				VALIDATE_PRODUCT = YES;
			};
			name = Release;
		};
		416284F02BC2AD1100DD04AA /* Debug */ = {
			isa = XCBuildConfiguration;
			buildSettings = {
				ASSETCATALOG_COMPILER_APPICON_NAME = AppIcon;
				ASSETCATALOG_COMPILER_GLOBAL_ACCENT_COLOR_NAME = AccentColor;
				CODE_SIGN_STYLE = Automatic;
				CURRENT_PROJECT_VERSION = 1;
				GENERATE_INFOPLIST_FILE = YES;
				INFOPLIST_FILE = OddEvenGame/Info.plist;
				INFOPLIST_KEY_UIApplicationSupportsIndirectInputEvents = YES;
				INFOPLIST_KEY_UILaunchStoryboardName = LaunchScreen;
				INFOPLIST_KEY_UIMainStoryboardFile = Main;
				INFOPLIST_KEY_UISupportedInterfaceOrientations_iPad = "UIInterfaceOrientationPortrait UIInterfaceOrientationPortraitUpsideDown UIInterfaceOrientationLandscapeLeft UIInterfaceOrientationLandscapeRight";
				INFOPLIST_KEY_UISupportedInterfaceOrientations_iPhone = "UIInterfaceOrientationPortrait UIInterfaceOrientationLandscapeLeft UIInterfaceOrientationLandscapeRight";
				LD_RUNPATH_SEARCH_PATHS = (
					"$(inherited)",
					"@executable_path/Frameworks",
				);
				MARKETING_VERSION = 1.0;
				PRODUCT_BUNDLE_IDENTIFIER = com.jjong.www.OddEvenGame;
				PRODUCT_NAME = "$(TARGET_NAME)";
				SWIFT_EMIT_LOC_STRINGS = YES;
				SWIFT_VERSION = 5.0;
				TARGETED_DEVICE_FAMILY = "1,2";
			};
			name = Debug;
		};
		416284F12BC2AD1100DD04AA /* Release */ = {
			isa = XCBuildConfiguration;
			buildSettings = {
				ASSETCATALOG_COMPILER_APPICON_NAME = AppIcon;
				ASSETCATALOG_COMPILER_GLOBAL_ACCENT_COLOR_NAME = AccentColor;
				CODE_SIGN_STYLE = Automatic;
				CURRENT_PROJECT_VERSION = 1;
				GENERATE_INFOPLIST_FILE = YES;
				INFOPLIST_FILE = OddEvenGame/Info.plist;
				INFOPLIST_KEY_UIApplicationSupportsIndirectInputEvents = YES;
				INFOPLIST_KEY_UILaunchStoryboardName = LaunchScreen;
				INFOPLIST_KEY_UIMainStoryboardFile = Main;
				INFOPLIST_KEY_UISupportedInterfaceOrientations_iPad = "UIInterfaceOrientationPortrait UIInterfaceOrientationPortraitUpsideDown UIInterfaceOrientationLandscapeLeft UIInterfaceOrientationLandscapeRight";
				INFOPLIST_KEY_UISupportedInterfaceOrientations_iPhone = "UIInterfaceOrientationPortrait UIInterfaceOrientationLandscapeLeft UIInterfaceOrientationLandscapeRight";
				LD_RUNPATH_SEARCH_PATHS = (
					"$(inherited)",
					"@executable_path/Frameworks",
				);
				MARKETING_VERSION = 1.0;
				PRODUCT_BUNDLE_IDENTIFIER = com.jjong.www.OddEvenGame;
				PRODUCT_NAME = "$(TARGET_NAME)";
				SWIFT_EMIT_LOC_STRINGS = YES;
				SWIFT_VERSION = 5.0;
				TARGETED_DEVICE_FAMILY = "1,2";
			};
			name = Release;
		};
		416284F32BC2AD1100DD04AA /* Debug */ = {
			isa = XCBuildConfiguration;
			buildSettings = {
				ALWAYS_EMBED_SWIFT_STANDARD_LIBRARIES = YES;
				BUNDLE_LOADER = "$(TEST_HOST)";
				CODE_SIGN_STYLE = Automatic;
				CURRENT_PROJECT_VERSION = 1;
				GENERATE_INFOPLIST_FILE = YES;
				IPHONEOS_DEPLOYMENT_TARGET = 17.4;
				MARKETING_VERSION = 1.0;
				PRODUCT_BUNDLE_IDENTIFIER = com.jjong.www.OddEvenGameTests;
				PRODUCT_NAME = "$(TARGET_NAME)";
				SWIFT_EMIT_LOC_STRINGS = NO;
				SWIFT_VERSION = 5.0;
				TARGETED_DEVICE_FAMILY = "1,2";
				TEST_HOST = "$(BUILT_PRODUCTS_DIR)/OddEvenGame.app/$(BUNDLE_EXECUTABLE_FOLDER_PATH)/OddEvenGame";
			};
			name = Debug;
		};
		416284F42BC2AD1100DD04AA /* Release */ = {
			isa = XCBuildConfiguration;
			buildSettings = {
				ALWAYS_EMBED_SWIFT_STANDARD_LIBRARIES = YES;
				BUNDLE_LOADER = "$(TEST_HOST)";
				CODE_SIGN_STYLE = Automatic;
				CURRENT_PROJECT_VERSION = 1;
				GENERATE_INFOPLIST_FILE = YES;
				IPHONEOS_DEPLOYMENT_TARGET = 17.4;
				MARKETING_VERSION = 1.0;
				PRODUCT_BUNDLE_IDENTIFIER = com.jjong.www.OddEvenGameTests;
				PRODUCT_NAME = "$(TARGET_NAME)";
				SWIFT_EMIT_LOC_STRINGS = NO;
				SWIFT_VERSION = 5.0;
				TARGETED_DEVICE_FAMILY = "1,2";
				TEST_HOST = "$(BUILT_PRODUCTS_DIR)/OddEvenGame.app/$(BUNDLE_EXECUTABLE_FOLDER_PATH)/OddEvenGame";
			};
			name = Release;
		};
		416284F62BC2AD1100DD04AA /* Debug */ = {
			isa = XCBuildConfiguration;
			buildSettings = {
				ALWAYS_EMBED_SWIFT_STANDARD_LIBRARIES = YES;
				CODE_SIGN_STYLE = Automatic;
				CURRENT_PROJECT_VERSION = 1;
				GENERATE_INFOPLIST_FILE = YES;
				MARKETING_VERSION = 1.0;
				PRODUCT_BUNDLE_IDENTIFIER = com.jjong.www.OddEvenGameUITests;
				PRODUCT_NAME = "$(TARGET_NAME)";
				SWIFT_EMIT_LOC_STRINGS = NO;
				SWIFT_VERSION = 5.0;
				TARGETED_DEVICE_FAMILY = "1,2";
				TEST_TARGET_NAME = OddEvenGame;
			};
			name = Debug;
		};
		416284F72BC2AD1100DD04AA /* Release */ = {
			isa = XCBuildConfiguration;
			buildSettings = {
				ALWAYS_EMBED_SWIFT_STANDARD_LIBRARIES = YES;
				CODE_SIGN_STYLE = Automatic;
				CURRENT_PROJECT_VERSION = 1;
				GENERATE_INFOPLIST_FILE = YES;
				MARKETING_VERSION = 1.0;
				PRODUCT_BUNDLE_IDENTIFIER = com.jjong.www.OddEvenGameUITests;
				PRODUCT_NAME = "$(TARGET_NAME)";
				SWIFT_EMIT_LOC_STRINGS = NO;
				SWIFT_VERSION = 5.0;
				TARGETED_DEVICE_FAMILY = "1,2";
				TEST_TARGET_NAME = OddEvenGame;
			};
			name = Release;
		};
/* End XCBuildConfiguration section */

/* Begin XCConfigurationList section */
		416284C02BC2AD1000DD04AA /* Build configuration list for PBXProject "OddEvenGame" */ = {
			isa = XCConfigurationList;
			buildConfigurations = (
				416284ED2BC2AD1100DD04AA /* Debug */,
				416284EE2BC2AD1100DD04AA /* Release */,
			);
			defaultConfigurationIsVisible = 0;
			defaultConfigurationName = Release;
		};
		416284EF2BC2AD1100DD04AA /* Build configuration list for PBXNativeTarget "OddEvenGame" */ = {
			isa = XCConfigurationList;
			buildConfigurations = (
				416284F02BC2AD1100DD04AA /* Debug */,
				416284F12BC2AD1100DD04AA /* Release */,
			);
			defaultConfigurationIsVisible = 0;
			defaultConfigurationName = Release;
		};
		416284F22BC2AD1100DD04AA /* Build configuration list for PBXNativeTarget "OddEvenGameTests" */ = {
			isa = XCConfigurationList;
			buildConfigurations = (
				416284F32BC2AD1100DD04AA /* Debug */,
				416284F42BC2AD1100DD04AA /* Release */,
			);
			defaultConfigurationIsVisible = 0;
			defaultConfigurationName = Release;
		};
		416284F52BC2AD1100DD04AA /* Build configuration list for PBXNativeTarget "OddEvenGameUITests" */ = {
			isa = XCConfigurationList;
			buildConfigurations = (
				416284F62BC2AD1100DD04AA /* Debug */,
				416284F72BC2AD1100DD04AA /* Release */,
			);
			defaultConfigurationIsVisible = 0;
			defaultConfigurationName = Release;
		};
/* End XCConfigurationList section */
	};
	rootObject = 416284BD2BC2AD1000DD04AA /* Project object */;
}
